# This file is automatically @generated by Cargo.
# It is not intended for manual editing.
version = 4

[[package]]
name = "rustenium-android"
version = "0.1.0"
dependencies = [
 "rustenium-core",
]

[[package]]
name = "rustenium-assertions"
version = "0.1.0"

[[package]]
name = "rustenium-bdd"
version = "0.1.0"
dependencies = [
 "rustenium-core",
]

[[package]]
name = "rustenium-cli"
version = "0.1.0"
dependencies = [
 "rustenium-bdd",
 "rustenium-core",
 "rustenium-mobile",
 "rustenium-web",
]

[[package]]
name = "rustenium-core"
version = "0.1.0"

[[package]]
name = "rustenium-ios"
version = "0.1.0"
dependencies = [
 "rustenium-core",
]

[[package]]
name = "rustenium-mobile"
version = "0.1.0"
dependencies = [
 "rustenium-android",
 "rustenium-core",
 "rustenium-ios",
]

[[package]]
name = "rustenium-reporter"
version = "0.1.0"

[[package]]
name = "rustenium-web"
version = "0.1.0"
dependencies = [
 "rustenium-core",
]
